{
  "name": "ma-track",
  "version": "1.0.0",
  "lockfileVersion": 1,
  "requires": true,
  "dependencies": {
    "sa-sdk-javascript": {
      "version": "1.11.8",
      "resolved": "http://registry.npm.taobao.org/sa-sdk-javascript/download/sa-sdk-javascript-1.11.8.tgz",
      "integrity": "sha1-2TI8CUMWSSi41uGBE0p9eqbjaac="
    }
  }
}
